# This file is automatically @generated by Cargo.
# It is not intended for manual editing.
version = 3

[[package]]
name = "blurhash"
version = "0.2.0"
source = "registry+https://github.com/rust-lang/crates.io-index"
checksum = "aa5ddff25bcae3e2ac5a93506cc050c730163fd92d319556861375b225164dde"

[[package]]
name = "media_proc"
version = "0.1.0"
dependencies = [
 "blurhash",
]
